# THIS IS AN AUTOGENERATED FILE. DO NOT EDIT THIS FILE DIRECTLY.
# yarn lockfile v1


csv-parse@^4.8.8:
  version "4.8.8"
  resolved "https://registry.yarnpkg.com/csv-parse/-/csv-parse-4.8.8.tgz#0acbc4598c1f28652c4250599108096b3a0a68ae"
  integrity sha512-Kv3Ilz2GV58dOoHBXRCTF8ijxlLjl80bG3d67XPI6DNqffb3AnbPbKr/WvCUMJq5V0AZYi6sukOaOQAVpfuVbg==

node-fetch@^2.6.0:
  version "2.6.0"
  resolved "https://registry.yarnpkg.com/node-fetch/-/node-fetch-2.6.0.tgz#e633456386d4aa55863f676a7ab0daa8fdecb0fd"
  integrity sha512-8dG4H5ujfvFiqDmVu9fQ5bOHUC15JMjMY/Zumv26oOvvVJjM67KF8koCWIabKQ1GJIa9r2mMZscBq/TbdOcmNA==

now@^17.0.4:
  version "17.1.0"
  resolved "https://registry.yarnpkg.com/now/-/now-17.1.0.tgz#1564d20cbb3896fb2249544180bf288c0a79dbc5"
  integrity sha512-1ZJNAZDVuFu0aCUzWYrOgUQ6mgZLH4mADf4JqbUWH7qkKREB5KTbOElRsVFcvehFon9PICLPEFCiOrwiD9sBKw==
